
Microsoft Visual Studio Solution File, Format Version 12.00
# Visual Studio 14
VisualStudioVersion = 14.0.25420.1
MinimumVisualStudioVersion = 10.0.40219.1
Project("{FAE04EC0-301F-11D3-BF4B-00C04F79EFBC}") = "CareGateway", "CareGateway\CareGateway.csproj", "{482C9136-D312-464E-AD06-FFE74D6E51D1}"
EndProject
Project("{2150E333-8FDC-42A3-9474-1A3956D46DE8}") = "Solution Items", "Solution Items", "{84217467-412A-4079-98A9-4D8B009ED997}"
	ProjectSection(SolutionItems) = preProject
		NuGet.Config = NuGet.Config
	EndProjectSection
EndProject
Project("{FAE04EC0-301F-11D3-BF4B-00C04F79EFBC}") = "Tests", "Tests\Tests.csproj", "{77FA8E98-0D1E-468C-9FF5-5E17EF7029AC}"
EndProject
Project("{2150E333-8FDC-42A3-9474-1A3956D46DE8}") = "Sfdc", "Sfdc", "{B5B4EFB9-9483-402D-9E7A-817C360D8100}"
EndProject
Project("{FAE04EC0-301F-11D3-BF4B-00C04F79EFBC}") = "CareGateway.Sfdc.Controller", "Sfdc\CareGateway.Sfdc.Controller\CareGateway.Sfdc.Controller.csproj", "{D5B041D4-B421-4AC7-A052-C86E39BF2443}"
EndProject
Project("{FAE04EC0-301F-11D3-BF4B-00C04F79EFBC}") = "CareGateway.Sfdc.Logic", "Sfdc\CareGateway.Sfdc.Logic\CareGateway.Sfdc.Logic.csproj", "{F06E6B1C-BBD0-4A5D-A3FE-D2375521B530}"
EndProject
Project("{FAE04EC0-301F-11D3-BF4B-00C04F79EFBC}") = "CareGateway.Sfdc.Model", "Sfdc\CareGateway.Sfdc.Model\CareGateway.Sfdc.Model.csproj", "{61D7C2D7-2CB4-4A9D-9E40-9DCEB2E36C89}"
EndProject
Project("{2150E333-8FDC-42A3-9474-1A3956D46DE8}") = "Account", "Account", "{AE15F5A3-795A-4464-80DD-15C53CF56B5F}"
EndProject
Project("{2150E333-8FDC-42A3-9474-1A3956D46DE8}") = "Customer", "Customer", "{E5092BF8-B2F5-430B-813D-1992B058E90D}"
EndProject
Project("{2150E333-8FDC-42A3-9474-1A3956D46DE8}") = "Transaction", "Transaction", "{8BC38A98-F198-440E-B7FC-DFEC77AEE50A}"
EndProject
Project("{2150E333-8FDC-42A3-9474-1A3956D46DE8}") = "Note", "Note", "{4414D9DC-2654-455F-A50D-DB5E3A77190F}"
EndProject
Project("{FAE04EC0-301F-11D3-BF4B-00C04F79EFBC}") = "CareGateway.Note.Controller", "Note\CareGateway.Note.Controller\CareGateway.Note.Controller.csproj", "{F53BCB4F-F97B-4CD7-AD43-4F5DB95BA5C5}"
EndProject
Project("{FAE04EC0-301F-11D3-BF4B-00C04F79EFBC}") = "CareGateway.Note.Logic", "Note\CareGateway.Note.Logic\CareGateway.Note.Logic.csproj", "{5D6DB9E0-9E5A-4D0E-8DEE-8D6E712034BB}"
EndProject
Project("{FAE04EC0-301F-11D3-BF4B-00C04F79EFBC}") = "CareGateway.Note.Model", "Note\CareGateway.Note.Model\CareGateway.Note.Model.csproj", "{968614FF-B54A-457C-BF27-0791CE897760}"
EndProject
Project("{2150E333-8FDC-42A3-9474-1A3956D46DE8}") = "Db", "Db", "{B46BFD38-0309-47DD-AEAF-CA10D5DD33CA}"
EndProject
Project("{FAE04EC0-301F-11D3-BF4B-00C04F79EFBC}") = "CareGateway.Db.Note.Model", "Db\CareGateway.Db.Note.Model\CareGateway.Db.Note.Model.csproj", "{31D6589A-B768-401E-9948-02CF04C9ED04}"
EndProject
Project("{2150E333-8FDC-42A3-9474-1A3956D46DE8}") = "QMaster", "QMaster", "{C740C9B0-1566-4AC6-8811-50E99D1CED2E}"
EndProject
Project("{FAE04EC0-301F-11D3-BF4B-00C04F79EFBC}") = "CareGateway.Db.Note.Logic", "Db\CareGateway.Db.Note.Logic\CareGateway.Db.Note.Logic.csproj", "{98202E9C-DEF4-4C20-AE16-DB4D46947FDB}"
EndProject
Project("{FAE04EC0-301F-11D3-BF4B-00C04F79EFBC}") = "CareGateway.Db.PartnerAuthentication.Logic", "Db\CareGateway.Db.PartnerAuthentication.Logic\CareGateway.Db.PartnerAuthentication.Logic.csproj", "{692DF808-1485-40A5-9AF1-61AB21A11A5B}"
EndProject
Project("{FAE04EC0-301F-11D3-BF4B-00C04F79EFBC}") = "CareGateway.Db.PartnerAuthentication.Model", "Db\CareGateway.Db.PartnerAuthentication.Model\CareGateway.Db.PartnerAuthentication.Model.csproj", "{541E8E59-D02F-49D4-AE9E-A4F577BCBC94}"
EndProject
Project("{FAE04EC0-301F-11D3-BF4B-00C04F79EFBC}") = "CareGateway.Db.QMaster.Model", "Db\CareGateway.Db.QMaster.Model\CareGateway.Db.QMaster.Model.csproj", "{91BD5DA5-8E16-423A-B773-5B21B6754791}"
EndProject
Project("{FAE04EC0-301F-11D3-BF4B-00C04F79EFBC}") = "CareGateway.QMaster.Controller", "QMaster\CareGateway.QMaster.Controller\CareGateway.QMaster.Controller.csproj", "{5C8BC751-F138-42F6-9E70-FBA01E468FDC}"
EndProject
Project("{FAE04EC0-301F-11D3-BF4B-00C04F79EFBC}") = "CareGateway.QMaster.Logic", "QMaster\CareGateway.QMaster.Logic\CareGateway.QMaster.Logic.csproj", "{F3F4E072-3974-4E3B-9C07-38763CD7265A}"
EndProject
Project("{FAE04EC0-301F-11D3-BF4B-00C04F79EFBC}") = "CareGateway.QMaster.Model", "QMaster\CareGateway.QMaster.Model\CareGateway.QMaster.Model.csproj", "{2FB8F85B-582B-48D4-9F63-4ED97E76617B}"
EndProject
Project("{FAE04EC0-301F-11D3-BF4B-00C04F79EFBC}") = "CareGateway.Db.QMaster.Logic", "Db\CareGateway.Db.QMaster.Logic\CareGateway.Db.QMaster.Logic.csproj", "{6C73A5CC-A9ED-4942-BA49-2B8A28A5BB9C}"
EndProject
Project("{2150E333-8FDC-42A3-9474-1A3956D46DE8}") = "External", "External", "{E161B52E-AAA2-46BD-9490-5C5304C084C7}"
EndProject
Project("{FAE04EC0-301F-11D3-BF4B-00C04F79EFBC}") = "CareGateway.External.Client", "External\CareGateway.External.Client\CareGateway.External.Client.csproj", "{7733081D-A052-43F3-AE51-E2E80C01A48D}"
EndProject
Project("{FAE04EC0-301F-11D3-BF4B-00C04F79EFBC}") = "CareGateway.External.Model", "External\CareGateway.External.Model\CareGateway.External.Model.csproj", "{66D94FC3-0F99-4FB3-8B4C-29AB57773EEB}"
EndProject
Project("{FAE04EC0-301F-11D3-BF4B-00C04F79EFBC}") = "CareGateway.Account.Controller", "Account\CareGateway.Account.Controller\CareGateway.Account.Controller.csproj", "{ECA9C9FC-A226-4B5D-B722-32EFADE8FE91}"
EndProject
Project("{FAE04EC0-301F-11D3-BF4B-00C04F79EFBC}") = "CareGateway.Account.Logic", "Account\CareGateway.Account.Logic\CareGateway.Account.Logic.csproj", "{95363008-55A8-40C6-81C7-BBB3F686C4B4}"
EndProject
Project("{FAE04EC0-301F-11D3-BF4B-00C04F79EFBC}") = "CareGateway.Account.Model", "Account\CareGateway.Account.Model\CareGateway.Account.Model.csproj", "{A1E891B6-F7DC-4CAF-8FD6-F7711ED8C3ED}"
EndProject
Project("{FAE04EC0-301F-11D3-BF4B-00C04F79EFBC}") = "CareGateway.Transaction.Controller", "Transaction\CareGateway.Transaction.Controller\CareGateway.Transaction.Controller.csproj", "{11E0A0B6-EEE6-4524-9054-D417F45AB30F}"
EndProject
Project("{FAE04EC0-301F-11D3-BF4B-00C04F79EFBC}") = "CareGateway.Transaction.Logic", "Transaction\CareGateway.Transaction.Logic\CareGateway.Transaction.Logic.csproj", "{6BCBD010-787B-4E76-B0A2-75B646FA3F99}"
EndProject
Project("{FAE04EC0-301F-11D3-BF4B-00C04F79EFBC}") = "CareGateway.Transaction.Model", "Transaction\CareGateway.Transaction.Model\CareGateway.Transaction.Model.csproj", "{0F8B4325-5906-4B5E-BABF-2CD4E7FC429A}"
EndProject
Project("{2150E333-8FDC-42A3-9474-1A3956D46DE8}") = "TakeAction", "TakeAction", "{864EC8E0-F236-4D44-8DFC-34A79FEA1CC7}"
EndProject
Project("{FAE04EC0-301F-11D3-BF4B-00C04F79EFBC}") = "CareGateway.TakeAction.Controller", "TakeAction\CareGateway.TakeAction.Controller\CareGateway.TakeAction.Controller.csproj", "{AB27031A-BBF6-47A7-BA3A-6BE784226C3A}"
EndProject
Project("{FAE04EC0-301F-11D3-BF4B-00C04F79EFBC}") = "CareGateway.TakeAction.Logic", "TakeAction\CareGateway.TakeAction.Logic\CareGateway.TakeAction.Logic.csproj", "{CFA072DB-2195-4B84-9860-357A46C4D08F}"
EndProject
Project("{FAE04EC0-301F-11D3-BF4B-00C04F79EFBC}") = "CareGateway.TakeAction.Model", "TakeAction\CareGateway.TakeAction.Model\CareGateway.TakeAction.Model.csproj", "{2271FEBC-EE93-4D3A-A349-51FE9E0AFA1F}"
EndProject
Project("{2150E333-8FDC-42A3-9474-1A3956D46DE8}") = "Partner", "Partner", "{53DB560F-6208-49F2-9615-10EE80BB4463}"
EndProject
Project("{FAE04EC0-301F-11D3-BF4B-00C04F79EFBC}") = "CareGateway.Partner.Controller", "Partner\CareGateway.Partner.Controller\CareGateway.Partner.Controller.csproj", "{71B292F0-9454-4171-9181-0993EC841079}"
EndProject
Project("{FAE04EC0-301F-11D3-BF4B-00C04F79EFBC}") = "CareGateway.Partner.Logic", "Partner\CareGateway.Partner.Logic\CareGateway.Partner.Logic.csproj", "{93CE1372-63EA-419E-9D5F-021AC7D9FB50}"
EndProject
Project("{FAE04EC0-301F-11D3-BF4B-00C04F79EFBC}") = "CareGateway.Partner.Model", "Partner\CareGateway.Partner.Model\CareGateway.Partner.Model.csproj", "{2F544DE8-D6DC-49AB-ACFB-D1879C846795}"
EndProject
Project("{2150E333-8FDC-42A3-9474-1A3956D46DE8}") = "Common", "Common", "{FB69439C-B484-4047-8969-614412792C99}"
EndProject
Project("{FAE04EC0-301F-11D3-BF4B-00C04F79EFBC}") = "Gdot.Care.Common", "..\..\..\..\..\Shared\Gdot.Care.Common\Gdot.Care.Common\Gdot.Care.Common.csproj", "{C33D1BBC-A23E-4206-A2B2-4CEDD8669618}"
EndProject
Global
	GlobalSection(SolutionConfigurationPlatforms) = preSolution
		Debug|Any CPU = Debug|Any CPU
		dev|Any CPU = dev|Any CPU
		int|Any CPU = int|Any CPU
		pie|Any CPU = pie|Any CPU
		prf|Any CPU = prf|Any CPU
		qa|Any CPU = qa|Any CPU
		Release|Any CPU = Release|Any CPU
		stg|Any CPU = stg|Any CPU
	EndGlobalSection
	GlobalSection(ProjectConfigurationPlatforms) = postSolution
		{482C9136-D312-464E-AD06-FFE74D6E51D1}.Debug|Any CPU.ActiveCfg = Debug|Any CPU
		{482C9136-D312-464E-AD06-FFE74D6E51D1}.Debug|Any CPU.Build.0 = Debug|Any CPU
		{482C9136-D312-464E-AD06-FFE74D6E51D1}.dev|Any CPU.ActiveCfg = dev|Any CPU
		{482C9136-D312-464E-AD06-FFE74D6E51D1}.dev|Any CPU.Build.0 = dev|Any CPU
		{482C9136-D312-464E-AD06-FFE74D6E51D1}.int|Any CPU.ActiveCfg = int|Any CPU
		{482C9136-D312-464E-AD06-FFE74D6E51D1}.int|Any CPU.Build.0 = int|Any CPU
		{482C9136-D312-464E-AD06-FFE74D6E51D1}.pie|Any CPU.ActiveCfg = pie|Any CPU
		{482C9136-D312-464E-AD06-FFE74D6E51D1}.pie|Any CPU.Build.0 = pie|Any CPU
		{482C9136-D312-464E-AD06-FFE74D6E51D1}.prf|Any CPU.ActiveCfg = prf|Any CPU
		{482C9136-D312-464E-AD06-FFE74D6E51D1}.prf|Any CPU.Build.0 = prf|Any CPU
		{482C9136-D312-464E-AD06-FFE74D6E51D1}.qa|Any CPU.ActiveCfg = qa|Any CPU
		{482C9136-D312-464E-AD06-FFE74D6E51D1}.qa|Any CPU.Build.0 = qa|Any CPU
		{482C9136-D312-464E-AD06-FFE74D6E51D1}.Release|Any CPU.ActiveCfg = Release|Any CPU
		{482C9136-D312-464E-AD06-FFE74D6E51D1}.Release|Any CPU.Build.0 = Release|Any CPU
		{482C9136-D312-464E-AD06-FFE74D6E51D1}.stg|Any CPU.ActiveCfg = stg|Any CPU
		{482C9136-D312-464E-AD06-FFE74D6E51D1}.stg|Any CPU.Build.0 = stg|Any CPU
		{77FA8E98-0D1E-468C-9FF5-5E17EF7029AC}.Debug|Any CPU.ActiveCfg = Debug|Any CPU
		{77FA8E98-0D1E-468C-9FF5-5E17EF7029AC}.Debug|Any CPU.Build.0 = Debug|Any CPU
		{77FA8E98-0D1E-468C-9FF5-5E17EF7029AC}.dev|Any CPU.ActiveCfg = dev|Any CPU
		{77FA8E98-0D1E-468C-9FF5-5E17EF7029AC}.dev|Any CPU.Build.0 = dev|Any CPU
		{77FA8E98-0D1E-468C-9FF5-5E17EF7029AC}.int|Any CPU.ActiveCfg = int|Any CPU
		{77FA8E98-0D1E-468C-9FF5-5E17EF7029AC}.int|Any CPU.Build.0 = int|Any CPU
		{77FA8E98-0D1E-468C-9FF5-5E17EF7029AC}.pie|Any CPU.ActiveCfg = pie|Any CPU
		{77FA8E98-0D1E-468C-9FF5-5E17EF7029AC}.pie|Any CPU.Build.0 = pie|Any CPU
		{77FA8E98-0D1E-468C-9FF5-5E17EF7029AC}.prf|Any CPU.ActiveCfg = prf|Any CPU
		{77FA8E98-0D1E-468C-9FF5-5E17EF7029AC}.prf|Any CPU.Build.0 = prf|Any CPU
		{77FA8E98-0D1E-468C-9FF5-5E17EF7029AC}.qa|Any CPU.ActiveCfg = qa|Any CPU
		{77FA8E98-0D1E-468C-9FF5-5E17EF7029AC}.qa|Any CPU.Build.0 = qa|Any CPU
		{77FA8E98-0D1E-468C-9FF5-5E17EF7029AC}.Release|Any CPU.ActiveCfg = Release|Any CPU
		{77FA8E98-0D1E-468C-9FF5-5E17EF7029AC}.Release|Any CPU.Build.0 = Release|Any CPU
		{77FA8E98-0D1E-468C-9FF5-5E17EF7029AC}.stg|Any CPU.ActiveCfg = stg|Any CPU
		{77FA8E98-0D1E-468C-9FF5-5E17EF7029AC}.stg|Any CPU.Build.0 = stg|Any CPU
		{D5B041D4-B421-4AC7-A052-C86E39BF2443}.Debug|Any CPU.ActiveCfg = Debug|Any CPU
		{D5B041D4-B421-4AC7-A052-C86E39BF2443}.Debug|Any CPU.Build.0 = Debug|Any CPU
		{D5B041D4-B421-4AC7-A052-C86E39BF2443}.dev|Any CPU.ActiveCfg = dev|Any CPU
		{D5B041D4-B421-4AC7-A052-C86E39BF2443}.dev|Any CPU.Build.0 = dev|Any CPU
		{D5B041D4-B421-4AC7-A052-C86E39BF2443}.int|Any CPU.ActiveCfg = int|Any CPU
		{D5B041D4-B421-4AC7-A052-C86E39BF2443}.int|Any CPU.Build.0 = int|Any CPU
		{D5B041D4-B421-4AC7-A052-C86E39BF2443}.pie|Any CPU.ActiveCfg = pie|Any CPU
		{D5B041D4-B421-4AC7-A052-C86E39BF2443}.pie|Any CPU.Build.0 = pie|Any CPU
		{D5B041D4-B421-4AC7-A052-C86E39BF2443}.prf|Any CPU.ActiveCfg = prf|Any CPU
		{D5B041D4-B421-4AC7-A052-C86E39BF2443}.prf|Any CPU.Build.0 = prf|Any CPU
		{D5B041D4-B421-4AC7-A052-C86E39BF2443}.qa|Any CPU.ActiveCfg = qa|Any CPU
		{D5B041D4-B421-4AC7-A052-C86E39BF2443}.qa|Any CPU.Build.0 = qa|Any CPU
		{D5B041D4-B421-4AC7-A052-C86E39BF2443}.Release|Any CPU.ActiveCfg = Release|Any CPU
		{D5B041D4-B421-4AC7-A052-C86E39BF2443}.Release|Any CPU.Build.0 = Release|Any CPU
		{D5B041D4-B421-4AC7-A052-C86E39BF2443}.stg|Any CPU.ActiveCfg = stg|Any CPU
		{D5B041D4-B421-4AC7-A052-C86E39BF2443}.stg|Any CPU.Build.0 = stg|Any CPU
		{F06E6B1C-BBD0-4A5D-A3FE-D2375521B530}.Debug|Any CPU.ActiveCfg = Debug|Any CPU
		{F06E6B1C-BBD0-4A5D-A3FE-D2375521B530}.Debug|Any CPU.Build.0 = Debug|Any CPU
		{F06E6B1C-BBD0-4A5D-A3FE-D2375521B530}.dev|Any CPU.ActiveCfg = dev|Any CPU
		{F06E6B1C-BBD0-4A5D-A3FE-D2375521B530}.dev|Any CPU.Build.0 = dev|Any CPU
		{F06E6B1C-BBD0-4A5D-A3FE-D2375521B530}.int|Any CPU.ActiveCfg = int|Any CPU
		{F06E6B1C-BBD0-4A5D-A3FE-D2375521B530}.int|Any CPU.Build.0 = int|Any CPU
		{F06E6B1C-BBD0-4A5D-A3FE-D2375521B530}.pie|Any CPU.ActiveCfg = pie|Any CPU
		{F06E6B1C-BBD0-4A5D-A3FE-D2375521B530}.pie|Any CPU.Build.0 = pie|Any CPU
		{F06E6B1C-BBD0-4A5D-A3FE-D2375521B530}.prf|Any CPU.ActiveCfg = prf|Any CPU
		{F06E6B1C-BBD0-4A5D-A3FE-D2375521B530}.prf|Any CPU.Build.0 = prf|Any CPU
		{F06E6B1C-BBD0-4A5D-A3FE-D2375521B530}.qa|Any CPU.ActiveCfg = qa|Any CPU
		{F06E6B1C-BBD0-4A5D-A3FE-D2375521B530}.qa|Any CPU.Build.0 = qa|Any CPU
		{F06E6B1C-BBD0-4A5D-A3FE-D2375521B530}.Release|Any CPU.ActiveCfg = Release|Any CPU
		{F06E6B1C-BBD0-4A5D-A3FE-D2375521B530}.Release|Any CPU.Build.0 = Release|Any CPU
		{F06E6B1C-BBD0-4A5D-A3FE-D2375521B530}.stg|Any CPU.ActiveCfg = stg|Any CPU
		{F06E6B1C-BBD0-4A5D-A3FE-D2375521B530}.stg|Any CPU.Build.0 = stg|Any CPU
		{61D7C2D7-2CB4-4A9D-9E40-9DCEB2E36C89}.Debug|Any CPU.ActiveCfg = Debug|Any CPU
		{61D7C2D7-2CB4-4A9D-9E40-9DCEB2E36C89}.Debug|Any CPU.Build.0 = Debug|Any CPU
		{61D7C2D7-2CB4-4A9D-9E40-9DCEB2E36C89}.dev|Any CPU.ActiveCfg = dev|Any CPU
		{61D7C2D7-2CB4-4A9D-9E40-9DCEB2E36C89}.dev|Any CPU.Build.0 = dev|Any CPU
		{61D7C2D7-2CB4-4A9D-9E40-9DCEB2E36C89}.int|Any CPU.ActiveCfg = int|Any CPU
		{61D7C2D7-2CB4-4A9D-9E40-9DCEB2E36C89}.int|Any CPU.Build.0 = int|Any CPU
		{61D7C2D7-2CB4-4A9D-9E40-9DCEB2E36C89}.pie|Any CPU.ActiveCfg = pie|Any CPU
		{61D7C2D7-2CB4-4A9D-9E40-9DCEB2E36C89}.pie|Any CPU.Build.0 = pie|Any CPU
		{61D7C2D7-2CB4-4A9D-9E40-9DCEB2E36C89}.prf|Any CPU.ActiveCfg = prf|Any CPU
		{61D7C2D7-2CB4-4A9D-9E40-9DCEB2E36C89}.prf|Any CPU.Build.0 = prf|Any CPU
		{61D7C2D7-2CB4-4A9D-9E40-9DCEB2E36C89}.qa|Any CPU.ActiveCfg = qa|Any CPU
		{61D7C2D7-2CB4-4A9D-9E40-9DCEB2E36C89}.qa|Any CPU.Build.0 = qa|Any CPU
		{61D7C2D7-2CB4-4A9D-9E40-9DCEB2E36C89}.Release|Any CPU.ActiveCfg = Release|Any CPU
		{61D7C2D7-2CB4-4A9D-9E40-9DCEB2E36C89}.Release|Any CPU.Build.0 = Release|Any CPU
		{61D7C2D7-2CB4-4A9D-9E40-9DCEB2E36C89}.stg|Any CPU.ActiveCfg = stg|Any CPU
		{61D7C2D7-2CB4-4A9D-9E40-9DCEB2E36C89}.stg|Any CPU.Build.0 = stg|Any CPU
		{F53BCB4F-F97B-4CD7-AD43-4F5DB95BA5C5}.Debug|Any CPU.ActiveCfg = Debug|Any CPU
		{F53BCB4F-F97B-4CD7-AD43-4F5DB95BA5C5}.Debug|Any CPU.Build.0 = Debug|Any CPU
		{F53BCB4F-F97B-4CD7-AD43-4F5DB95BA5C5}.dev|Any CPU.ActiveCfg = Debug|Any CPU
		{F53BCB4F-F97B-4CD7-AD43-4F5DB95BA5C5}.int|Any CPU.ActiveCfg = Release|Any CPU
		{F53BCB4F-F97B-4CD7-AD43-4F5DB95BA5C5}.pie|Any CPU.ActiveCfg = Release|Any CPU
		{F53BCB4F-F97B-4CD7-AD43-4F5DB95BA5C5}.prf|Any CPU.ActiveCfg = Release|Any CPU
		{F53BCB4F-F97B-4CD7-AD43-4F5DB95BA5C5}.qa|Any CPU.ActiveCfg = Release|Any CPU
		{F53BCB4F-F97B-4CD7-AD43-4F5DB95BA5C5}.Release|Any CPU.ActiveCfg = Release|Any CPU
		{F53BCB4F-F97B-4CD7-AD43-4F5DB95BA5C5}.Release|Any CPU.Build.0 = Release|Any CPU
		{F53BCB4F-F97B-4CD7-AD43-4F5DB95BA5C5}.stg|Any CPU.ActiveCfg = Release|Any CPU
		{5D6DB9E0-9E5A-4D0E-8DEE-8D6E712034BB}.Debug|Any CPU.ActiveCfg = Debug|Any CPU
		{5D6DB9E0-9E5A-4D0E-8DEE-8D6E712034BB}.Debug|Any CPU.Build.0 = Debug|Any CPU
		{5D6DB9E0-9E5A-4D0E-8DEE-8D6E712034BB}.dev|Any CPU.ActiveCfg = Debug|Any CPU
		{5D6DB9E0-9E5A-4D0E-8DEE-8D6E712034BB}.int|Any CPU.ActiveCfg = Release|Any CPU
		{5D6DB9E0-9E5A-4D0E-8DEE-8D6E712034BB}.pie|Any CPU.ActiveCfg = Release|Any CPU
		{5D6DB9E0-9E5A-4D0E-8DEE-8D6E712034BB}.prf|Any CPU.ActiveCfg = Release|Any CPU
		{5D6DB9E0-9E5A-4D0E-8DEE-8D6E712034BB}.qa|Any CPU.ActiveCfg = Release|Any CPU
		{5D6DB9E0-9E5A-4D0E-8DEE-8D6E712034BB}.Release|Any CPU.ActiveCfg = Release|Any CPU
		{5D6DB9E0-9E5A-4D0E-8DEE-8D6E712034BB}.Release|Any CPU.Build.0 = Release|Any CPU
		{5D6DB9E0-9E5A-4D0E-8DEE-8D6E712034BB}.stg|Any CPU.ActiveCfg = Release|Any CPU
		{968614FF-B54A-457C-BF27-0791CE897760}.Debug|Any CPU.ActiveCfg = Debug|Any CPU
		{968614FF-B54A-457C-BF27-0791CE897760}.Debug|Any CPU.Build.0 = Debug|Any CPU
		{968614FF-B54A-457C-BF27-0791CE897760}.dev|Any CPU.ActiveCfg = Debug|Any CPU
		{968614FF-B54A-457C-BF27-0791CE897760}.int|Any CPU.ActiveCfg = Release|Any CPU
		{968614FF-B54A-457C-BF27-0791CE897760}.pie|Any CPU.ActiveCfg = Release|Any CPU
		{968614FF-B54A-457C-BF27-0791CE897760}.prf|Any CPU.ActiveCfg = Release|Any CPU
		{968614FF-B54A-457C-BF27-0791CE897760}.qa|Any CPU.ActiveCfg = Release|Any CPU
		{968614FF-B54A-457C-BF27-0791CE897760}.Release|Any CPU.ActiveCfg = Release|Any CPU
		{968614FF-B54A-457C-BF27-0791CE897760}.Release|Any CPU.Build.0 = Release|Any CPU
		{968614FF-B54A-457C-BF27-0791CE897760}.stg|Any CPU.ActiveCfg = Release|Any CPU
		{31D6589A-B768-401E-9948-02CF04C9ED04}.Debug|Any CPU.ActiveCfg = Debug|Any CPU
		{31D6589A-B768-401E-9948-02CF04C9ED04}.Debug|Any CPU.Build.0 = Debug|Any CPU
		{31D6589A-B768-401E-9948-02CF04C9ED04}.dev|Any CPU.ActiveCfg = Debug|Any CPU
		{31D6589A-B768-401E-9948-02CF04C9ED04}.int|Any CPU.ActiveCfg = Release|Any CPU
		{31D6589A-B768-401E-9948-02CF04C9ED04}.pie|Any CPU.ActiveCfg = Release|Any CPU
		{31D6589A-B768-401E-9948-02CF04C9ED04}.prf|Any CPU.ActiveCfg = Release|Any CPU
		{31D6589A-B768-401E-9948-02CF04C9ED04}.qa|Any CPU.ActiveCfg = Release|Any CPU
		{31D6589A-B768-401E-9948-02CF04C9ED04}.Release|Any CPU.ActiveCfg = Release|Any CPU
		{31D6589A-B768-401E-9948-02CF04C9ED04}.Release|Any CPU.Build.0 = Release|Any CPU
		{31D6589A-B768-401E-9948-02CF04C9ED04}.stg|Any CPU.ActiveCfg = Release|Any CPU
		{98202E9C-DEF4-4C20-AE16-DB4D46947FDB}.Debug|Any CPU.ActiveCfg = Debug|Any CPU
		{98202E9C-DEF4-4C20-AE16-DB4D46947FDB}.Debug|Any CPU.Build.0 = Debug|Any CPU
		{98202E9C-DEF4-4C20-AE16-DB4D46947FDB}.dev|Any CPU.ActiveCfg = Debug|Any CPU
		{98202E9C-DEF4-4C20-AE16-DB4D46947FDB}.dev|Any CPU.Build.0 = Debug|Any CPU
		{98202E9C-DEF4-4C20-AE16-DB4D46947FDB}.int|Any CPU.ActiveCfg = Release|Any CPU
		{98202E9C-DEF4-4C20-AE16-DB4D46947FDB}.int|Any CPU.Build.0 = Release|Any CPU
		{98202E9C-DEF4-4C20-AE16-DB4D46947FDB}.pie|Any CPU.ActiveCfg = Release|Any CPU
		{98202E9C-DEF4-4C20-AE16-DB4D46947FDB}.pie|Any CPU.Build.0 = Release|Any CPU
		{98202E9C-DEF4-4C20-AE16-DB4D46947FDB}.prf|Any CPU.ActiveCfg = Release|Any CPU
		{98202E9C-DEF4-4C20-AE16-DB4D46947FDB}.prf|Any CPU.Build.0 = Release|Any CPU
		{98202E9C-DEF4-4C20-AE16-DB4D46947FDB}.qa|Any CPU.ActiveCfg = Release|Any CPU
		{98202E9C-DEF4-4C20-AE16-DB4D46947FDB}.qa|Any CPU.Build.0 = Release|Any CPU
		{98202E9C-DEF4-4C20-AE16-DB4D46947FDB}.Release|Any CPU.ActiveCfg = Release|Any CPU
		{98202E9C-DEF4-4C20-AE16-DB4D46947FDB}.Release|Any CPU.Build.0 = Release|Any CPU
		{98202E9C-DEF4-4C20-AE16-DB4D46947FDB}.stg|Any CPU.ActiveCfg = Release|Any CPU
		{98202E9C-DEF4-4C20-AE16-DB4D46947FDB}.stg|Any CPU.Build.0 = Release|Any CPU
		{692DF808-1485-40A5-9AF1-61AB21A11A5B}.Debug|Any CPU.ActiveCfg = Debug|Any CPU
		{692DF808-1485-40A5-9AF1-61AB21A11A5B}.Debug|Any CPU.Build.0 = Debug|Any CPU
		{692DF808-1485-40A5-9AF1-61AB21A11A5B}.dev|Any CPU.ActiveCfg = Debug|Any CPU
		{692DF808-1485-40A5-9AF1-61AB21A11A5B}.dev|Any CPU.Build.0 = Debug|Any CPU
		{692DF808-1485-40A5-9AF1-61AB21A11A5B}.int|Any CPU.ActiveCfg = Release|Any CPU
		{692DF808-1485-40A5-9AF1-61AB21A11A5B}.int|Any CPU.Build.0 = Release|Any CPU
		{692DF808-1485-40A5-9AF1-61AB21A11A5B}.pie|Any CPU.ActiveCfg = Release|Any CPU
		{692DF808-1485-40A5-9AF1-61AB21A11A5B}.pie|Any CPU.Build.0 = Release|Any CPU
		{692DF808-1485-40A5-9AF1-61AB21A11A5B}.prf|Any CPU.ActiveCfg = Release|Any CPU
		{692DF808-1485-40A5-9AF1-61AB21A11A5B}.prf|Any CPU.Build.0 = Release|Any CPU
		{692DF808-1485-40A5-9AF1-61AB21A11A5B}.qa|Any CPU.ActiveCfg = Release|Any CPU
		{692DF808-1485-40A5-9AF1-61AB21A11A5B}.qa|Any CPU.Build.0 = Release|Any CPU
		{692DF808-1485-40A5-9AF1-61AB21A11A5B}.Release|Any CPU.ActiveCfg = Release|Any CPU
		{692DF808-1485-40A5-9AF1-61AB21A11A5B}.Release|Any CPU.Build.0 = Release|Any CPU
		{692DF808-1485-40A5-9AF1-61AB21A11A5B}.stg|Any CPU.ActiveCfg = Release|Any CPU
		{692DF808-1485-40A5-9AF1-61AB21A11A5B}.stg|Any CPU.Build.0 = Release|Any CPU
		{541E8E59-D02F-49D4-AE9E-A4F577BCBC94}.Debug|Any CPU.ActiveCfg = Debug|Any CPU
		{541E8E59-D02F-49D4-AE9E-A4F577BCBC94}.Debug|Any CPU.Build.0 = Debug|Any CPU
		{541E8E59-D02F-49D4-AE9E-A4F577BCBC94}.dev|Any CPU.ActiveCfg = Debug|Any CPU
		{541E8E59-D02F-49D4-AE9E-A4F577BCBC94}.dev|Any CPU.Build.0 = Debug|Any CPU
		{541E8E59-D02F-49D4-AE9E-A4F577BCBC94}.int|Any CPU.ActiveCfg = Release|Any CPU
		{541E8E59-D02F-49D4-AE9E-A4F577BCBC94}.int|Any CPU.Build.0 = Release|Any CPU
		{541E8E59-D02F-49D4-AE9E-A4F577BCBC94}.pie|Any CPU.ActiveCfg = Release|Any CPU
		{541E8E59-D02F-49D4-AE9E-A4F577BCBC94}.pie|Any CPU.Build.0 = Release|Any CPU
		{541E8E59-D02F-49D4-AE9E-A4F577BCBC94}.prf|Any CPU.ActiveCfg = Release|Any CPU
		{541E8E59-D02F-49D4-AE9E-A4F577BCBC94}.prf|Any CPU.Build.0 = Release|Any CPU
		{541E8E59-D02F-49D4-AE9E-A4F577BCBC94}.qa|Any CPU.ActiveCfg = Release|Any CPU
		{541E8E59-D02F-49D4-AE9E-A4F577BCBC94}.qa|Any CPU.Build.0 = Release|Any CPU
		{541E8E59-D02F-49D4-AE9E-A4F577BCBC94}.Release|Any CPU.ActiveCfg = Release|Any CPU
		{541E8E59-D02F-49D4-AE9E-A4F577BCBC94}.Release|Any CPU.Build.0 = Release|Any CPU
		{541E8E59-D02F-49D4-AE9E-A4F577BCBC94}.stg|Any CPU.ActiveCfg = Release|Any CPU
		{541E8E59-D02F-49D4-AE9E-A4F577BCBC94}.stg|Any CPU.Build.0 = Release|Any CPU
		{91BD5DA5-8E16-423A-B773-5B21B6754791}.Debug|Any CPU.ActiveCfg = Debug|Any CPU
		{91BD5DA5-8E16-423A-B773-5B21B6754791}.Debug|Any CPU.Build.0 = Debug|Any CPU
		{91BD5DA5-8E16-423A-B773-5B21B6754791}.dev|Any CPU.ActiveCfg = Debug|Any CPU
		{91BD5DA5-8E16-423A-B773-5B21B6754791}.dev|Any CPU.Build.0 = Debug|Any CPU
		{91BD5DA5-8E16-423A-B773-5B21B6754791}.int|Any CPU.ActiveCfg = Release|Any CPU
		{91BD5DA5-8E16-423A-B773-5B21B6754791}.int|Any CPU.Build.0 = Release|Any CPU
		{91BD5DA5-8E16-423A-B773-5B21B6754791}.pie|Any CPU.ActiveCfg = Release|Any CPU
		{91BD5DA5-8E16-423A-B773-5B21B6754791}.pie|Any CPU.Build.0 = Release|Any CPU
		{91BD5DA5-8E16-423A-B773-5B21B6754791}.prf|Any CPU.ActiveCfg = Release|Any CPU
		{91BD5DA5-8E16-423A-B773-5B21B6754791}.prf|Any CPU.Build.0 = Release|Any CPU
		{91BD5DA5-8E16-423A-B773-5B21B6754791}.qa|Any CPU.ActiveCfg = Release|Any CPU
		{91BD5DA5-8E16-423A-B773-5B21B6754791}.qa|Any CPU.Build.0 = Release|Any CPU
		{91BD5DA5-8E16-423A-B773-5B21B6754791}.Release|Any CPU.ActiveCfg = Release|Any CPU
		{91BD5DA5-8E16-423A-B773-5B21B6754791}.Release|Any CPU.Build.0 = Release|Any CPU
		{91BD5DA5-8E16-423A-B773-5B21B6754791}.stg|Any CPU.ActiveCfg = Release|Any CPU
		{91BD5DA5-8E16-423A-B773-5B21B6754791}.stg|Any CPU.Build.0 = Release|Any CPU
		{5C8BC751-F138-42F6-9E70-FBA01E468FDC}.Debug|Any CPU.ActiveCfg = Debug|Any CPU
		{5C8BC751-F138-42F6-9E70-FBA01E468FDC}.Debug|Any CPU.Build.0 = Debug|Any CPU
		{5C8BC751-F138-42F6-9E70-FBA01E468FDC}.dev|Any CPU.ActiveCfg = Debug|Any CPU
		{5C8BC751-F138-42F6-9E70-FBA01E468FDC}.dev|Any CPU.Build.0 = Debug|Any CPU
		{5C8BC751-F138-42F6-9E70-FBA01E468FDC}.int|Any CPU.ActiveCfg = Release|Any CPU
		{5C8BC751-F138-42F6-9E70-FBA01E468FDC}.int|Any CPU.Build.0 = Release|Any CPU
		{5C8BC751-F138-42F6-9E70-FBA01E468FDC}.pie|Any CPU.ActiveCfg = Release|Any CPU
		{5C8BC751-F138-42F6-9E70-FBA01E468FDC}.pie|Any CPU.Build.0 = Release|Any CPU
		{5C8BC751-F138-42F6-9E70-FBA01E468FDC}.prf|Any CPU.ActiveCfg = Release|Any CPU
		{5C8BC751-F138-42F6-9E70-FBA01E468FDC}.prf|Any CPU.Build.0 = Release|Any CPU
		{5C8BC751-F138-42F6-9E70-FBA01E468FDC}.qa|Any CPU.ActiveCfg = Release|Any CPU
		{5C8BC751-F138-42F6-9E70-FBA01E468FDC}.qa|Any CPU.Build.0 = Release|Any CPU
		{5C8BC751-F138-42F6-9E70-FBA01E468FDC}.Release|Any CPU.ActiveCfg = Release|Any CPU
		{5C8BC751-F138-42F6-9E70-FBA01E468FDC}.Release|Any CPU.Build.0 = Release|Any CPU
		{5C8BC751-F138-42F6-9E70-FBA01E468FDC}.stg|Any CPU.ActiveCfg = Release|Any CPU
		{5C8BC751-F138-42F6-9E70-FBA01E468FDC}.stg|Any CPU.Build.0 = Release|Any CPU
		{F3F4E072-3974-4E3B-9C07-38763CD7265A}.Debug|Any CPU.ActiveCfg = Debug|Any CPU
		{F3F4E072-3974-4E3B-9C07-38763CD7265A}.Debug|Any CPU.Build.0 = Debug|Any CPU
		{F3F4E072-3974-4E3B-9C07-38763CD7265A}.dev|Any CPU.ActiveCfg = Debug|Any CPU
		{F3F4E072-3974-4E3B-9C07-38763CD7265A}.dev|Any CPU.Build.0 = Debug|Any CPU
		{F3F4E072-3974-4E3B-9C07-38763CD7265A}.int|Any CPU.ActiveCfg = Release|Any CPU
		{F3F4E072-3974-4E3B-9C07-38763CD7265A}.int|Any CPU.Build.0 = Release|Any CPU
		{F3F4E072-3974-4E3B-9C07-38763CD7265A}.pie|Any CPU.ActiveCfg = Release|Any CPU
		{F3F4E072-3974-4E3B-9C07-38763CD7265A}.pie|Any CPU.Build.0 = Release|Any CPU
		{F3F4E072-3974-4E3B-9C07-38763CD7265A}.prf|Any CPU.ActiveCfg = Release|Any CPU
		{F3F4E072-3974-4E3B-9C07-38763CD7265A}.prf|Any CPU.Build.0 = Release|Any CPU
		{F3F4E072-3974-4E3B-9C07-38763CD7265A}.qa|Any CPU.ActiveCfg = Release|Any CPU
		{F3F4E072-3974-4E3B-9C07-38763CD7265A}.qa|Any CPU.Build.0 = Release|Any CPU
		{F3F4E072-3974-4E3B-9C07-38763CD7265A}.Release|Any CPU.ActiveCfg = Release|Any CPU
		{F3F4E072-3974-4E3B-9C07-38763CD7265A}.Release|Any CPU.Build.0 = Release|Any CPU
		{F3F4E072-3974-4E3B-9C07-38763CD7265A}.stg|Any CPU.ActiveCfg = Release|Any CPU
		{F3F4E072-3974-4E3B-9C07-38763CD7265A}.stg|Any CPU.Build.0 = Release|Any CPU
		{2FB8F85B-582B-48D4-9F63-4ED97E76617B}.Debug|Any CPU.ActiveCfg = Debug|Any CPU
		{2FB8F85B-582B-48D4-9F63-4ED97E76617B}.Debug|Any CPU.Build.0 = Debug|Any CPU
		{2FB8F85B-582B-48D4-9F63-4ED97E76617B}.dev|Any CPU.ActiveCfg = Debug|Any CPU
		{2FB8F85B-582B-48D4-9F63-4ED97E76617B}.dev|Any CPU.Build.0 = Debug|Any CPU
		{2FB8F85B-582B-48D4-9F63-4ED97E76617B}.int|Any CPU.ActiveCfg = Release|Any CPU
		{2FB8F85B-582B-48D4-9F63-4ED97E76617B}.int|Any CPU.Build.0 = Release|Any CPU
		{2FB8F85B-582B-48D4-9F63-4ED97E76617B}.pie|Any CPU.ActiveCfg = Release|Any CPU
		{2FB8F85B-582B-48D4-9F63-4ED97E76617B}.pie|Any CPU.Build.0 = Release|Any CPU
		{2FB8F85B-582B-48D4-9F63-4ED97E76617B}.prf|Any CPU.ActiveCfg = Release|Any CPU
		{2FB8F85B-582B-48D4-9F63-4ED97E76617B}.prf|Any CPU.Build.0 = Release|Any CPU
		{2FB8F85B-582B-48D4-9F63-4ED97E76617B}.qa|Any CPU.ActiveCfg = Release|Any CPU
		{2FB8F85B-582B-48D4-9F63-4ED97E76617B}.qa|Any CPU.Build.0 = Release|Any CPU
		{2FB8F85B-582B-48D4-9F63-4ED97E76617B}.Release|Any CPU.ActiveCfg = Release|Any CPU
		{2FB8F85B-582B-48D4-9F63-4ED97E76617B}.Release|Any CPU.Build.0 = Release|Any CPU
		{2FB8F85B-582B-48D4-9F63-4ED97E76617B}.stg|Any CPU.ActiveCfg = Release|Any CPU
		{2FB8F85B-582B-48D4-9F63-4ED97E76617B}.stg|Any CPU.Build.0 = Release|Any CPU
		{6C73A5CC-A9ED-4942-BA49-2B8A28A5BB9C}.Debug|Any CPU.ActiveCfg = Debug|Any CPU
		{6C73A5CC-A9ED-4942-BA49-2B8A28A5BB9C}.Debug|Any CPU.Build.0 = Debug|Any CPU
		{6C73A5CC-A9ED-4942-BA49-2B8A28A5BB9C}.dev|Any CPU.ActiveCfg = Debug|Any CPU
		{6C73A5CC-A9ED-4942-BA49-2B8A28A5BB9C}.dev|Any CPU.Build.0 = Debug|Any CPU
		{6C73A5CC-A9ED-4942-BA49-2B8A28A5BB9C}.int|Any CPU.ActiveCfg = Release|Any CPU
		{6C73A5CC-A9ED-4942-BA49-2B8A28A5BB9C}.int|Any CPU.Build.0 = Release|Any CPU
		{6C73A5CC-A9ED-4942-BA49-2B8A28A5BB9C}.pie|Any CPU.ActiveCfg = Release|Any CPU
		{6C73A5CC-A9ED-4942-BA49-2B8A28A5BB9C}.pie|Any CPU.Build.0 = Release|Any CPU
		{6C73A5CC-A9ED-4942-BA49-2B8A28A5BB9C}.prf|Any CPU.ActiveCfg = Release|Any CPU
		{6C73A5CC-A9ED-4942-BA49-2B8A28A5BB9C}.prf|Any CPU.Build.0 = Release|Any CPU
		{6C73A5CC-A9ED-4942-BA49-2B8A28A5BB9C}.qa|Any CPU.ActiveCfg = Release|Any CPU
		{6C73A5CC-A9ED-4942-BA49-2B8A28A5BB9C}.qa|Any CPU.Build.0 = Release|Any CPU
		{6C73A5CC-A9ED-4942-BA49-2B8A28A5BB9C}.Release|Any CPU.ActiveCfg = Release|Any CPU
		{6C73A5CC-A9ED-4942-BA49-2B8A28A5BB9C}.Release|Any CPU.Build.0 = Release|Any CPU
		{6C73A5CC-A9ED-4942-BA49-2B8A28A5BB9C}.stg|Any CPU.ActiveCfg = Release|Any CPU
		{6C73A5CC-A9ED-4942-BA49-2B8A28A5BB9C}.stg|Any CPU.Build.0 = Release|Any CPU
		{7733081D-A052-43F3-AE51-E2E80C01A48D}.Debug|Any CPU.ActiveCfg = Debug|Any CPU
		{7733081D-A052-43F3-AE51-E2E80C01A48D}.Debug|Any CPU.Build.0 = Debug|Any CPU
		{7733081D-A052-43F3-AE51-E2E80C01A48D}.dev|Any CPU.ActiveCfg = Debug|Any CPU
		{7733081D-A052-43F3-AE51-E2E80C01A48D}.dev|Any CPU.Build.0 = Debug|Any CPU
		{7733081D-A052-43F3-AE51-E2E80C01A48D}.int|Any CPU.ActiveCfg = Release|Any CPU
		{7733081D-A052-43F3-AE51-E2E80C01A48D}.int|Any CPU.Build.0 = Release|Any CPU
		{7733081D-A052-43F3-AE51-E2E80C01A48D}.pie|Any CPU.ActiveCfg = Release|Any CPU
		{7733081D-A052-43F3-AE51-E2E80C01A48D}.pie|Any CPU.Build.0 = Release|Any CPU
		{7733081D-A052-43F3-AE51-E2E80C01A48D}.prf|Any CPU.ActiveCfg = Release|Any CPU
		{7733081D-A052-43F3-AE51-E2E80C01A48D}.prf|Any CPU.Build.0 = Release|Any CPU
		{7733081D-A052-43F3-AE51-E2E80C01A48D}.qa|Any CPU.ActiveCfg = Release|Any CPU
		{7733081D-A052-43F3-AE51-E2E80C01A48D}.qa|Any CPU.Build.0 = Release|Any CPU
		{7733081D-A052-43F3-AE51-E2E80C01A48D}.Release|Any CPU.ActiveCfg = Release|Any CPU
		{7733081D-A052-43F3-AE51-E2E80C01A48D}.Release|Any CPU.Build.0 = Release|Any CPU
		{7733081D-A052-43F3-AE51-E2E80C01A48D}.stg|Any CPU.ActiveCfg = Release|Any CPU
		{7733081D-A052-43F3-AE51-E2E80C01A48D}.stg|Any CPU.Build.0 = Release|Any CPU
		{66D94FC3-0F99-4FB3-8B4C-29AB57773EEB}.Debug|Any CPU.ActiveCfg = Debug|Any CPU
		{66D94FC3-0F99-4FB3-8B4C-29AB57773EEB}.Debug|Any CPU.Build.0 = Debug|Any CPU
		{66D94FC3-0F99-4FB3-8B4C-29AB57773EEB}.dev|Any CPU.ActiveCfg = Debug|Any CPU
		{66D94FC3-0F99-4FB3-8B4C-29AB57773EEB}.dev|Any CPU.Build.0 = Debug|Any CPU
		{66D94FC3-0F99-4FB3-8B4C-29AB57773EEB}.int|Any CPU.ActiveCfg = Release|Any CPU
		{66D94FC3-0F99-4FB3-8B4C-29AB57773EEB}.int|Any CPU.Build.0 = Release|Any CPU
		{66D94FC3-0F99-4FB3-8B4C-29AB57773EEB}.pie|Any CPU.ActiveCfg = Release|Any CPU
		{66D94FC3-0F99-4FB3-8B4C-29AB57773EEB}.pie|Any CPU.Build.0 = Release|Any CPU
		{66D94FC3-0F99-4FB3-8B4C-29AB57773EEB}.prf|Any CPU.ActiveCfg = Release|Any CPU
		{66D94FC3-0F99-4FB3-8B4C-29AB57773EEB}.prf|Any CPU.Build.0 = Release|Any CPU
		{66D94FC3-0F99-4FB3-8B4C-29AB57773EEB}.qa|Any CPU.ActiveCfg = Release|Any CPU
		{66D94FC3-0F99-4FB3-8B4C-29AB57773EEB}.qa|Any CPU.Build.0 = Release|Any CPU
		{66D94FC3-0F99-4FB3-8B4C-29AB57773EEB}.Release|Any CPU.ActiveCfg = Release|Any CPU
		{66D94FC3-0F99-4FB3-8B4C-29AB57773EEB}.Release|Any CPU.Build.0 = Release|Any CPU
		{66D94FC3-0F99-4FB3-8B4C-29AB57773EEB}.stg|Any CPU.ActiveCfg = Release|Any CPU
		{66D94FC3-0F99-4FB3-8B4C-29AB57773EEB}.stg|Any CPU.Build.0 = Release|Any CPU
		{ECA9C9FC-A226-4B5D-B722-32EFADE8FE91}.Debug|Any CPU.ActiveCfg = Debug|Any CPU
		{ECA9C9FC-A226-4B5D-B722-32EFADE8FE91}.Debug|Any CPU.Build.0 = Debug|Any CPU
		{ECA9C9FC-A226-4B5D-B722-32EFADE8FE91}.dev|Any CPU.ActiveCfg = Debug|Any CPU
		{ECA9C9FC-A226-4B5D-B722-32EFADE8FE91}.dev|Any CPU.Build.0 = Debug|Any CPU
		{ECA9C9FC-A226-4B5D-B722-32EFADE8FE91}.int|Any CPU.ActiveCfg = Release|Any CPU
		{ECA9C9FC-A226-4B5D-B722-32EFADE8FE91}.int|Any CPU.Build.0 = Release|Any CPU
		{ECA9C9FC-A226-4B5D-B722-32EFADE8FE91}.pie|Any CPU.ActiveCfg = Release|Any CPU
		{ECA9C9FC-A226-4B5D-B722-32EFADE8FE91}.pie|Any CPU.Build.0 = Release|Any CPU
		{ECA9C9FC-A226-4B5D-B722-32EFADE8FE91}.prf|Any CPU.ActiveCfg = Release|Any CPU
		{ECA9C9FC-A226-4B5D-B722-32EFADE8FE91}.prf|Any CPU.Build.0 = Release|Any CPU
		{ECA9C9FC-A226-4B5D-B722-32EFADE8FE91}.qa|Any CPU.ActiveCfg = Release|Any CPU
		{ECA9C9FC-A226-4B5D-B722-32EFADE8FE91}.qa|Any CPU.Build.0 = Release|Any CPU
		{ECA9C9FC-A226-4B5D-B722-32EFADE8FE91}.Release|Any CPU.ActiveCfg = Release|Any CPU
		{ECA9C9FC-A226-4B5D-B722-32EFADE8FE91}.Release|Any CPU.Build.0 = Release|Any CPU
		{ECA9C9FC-A226-4B5D-B722-32EFADE8FE91}.stg|Any CPU.ActiveCfg = Release|Any CPU
		{ECA9C9FC-A226-4B5D-B722-32EFADE8FE91}.stg|Any CPU.Build.0 = Release|Any CPU
		{95363008-55A8-40C6-81C7-BBB3F686C4B4}.Debug|Any CPU.ActiveCfg = Debug|Any CPU
		{95363008-55A8-40C6-81C7-BBB3F686C4B4}.Debug|Any CPU.Build.0 = Debug|Any CPU
		{95363008-55A8-40C6-81C7-BBB3F686C4B4}.dev|Any CPU.ActiveCfg = Debug|Any CPU
		{95363008-55A8-40C6-81C7-BBB3F686C4B4}.dev|Any CPU.Build.0 = Debug|Any CPU
		{95363008-55A8-40C6-81C7-BBB3F686C4B4}.int|Any CPU.ActiveCfg = Release|Any CPU
		{95363008-55A8-40C6-81C7-BBB3F686C4B4}.int|Any CPU.Build.0 = Release|Any CPU
		{95363008-55A8-40C6-81C7-BBB3F686C4B4}.pie|Any CPU.ActiveCfg = Release|Any CPU
		{95363008-55A8-40C6-81C7-BBB3F686C4B4}.pie|Any CPU.Build.0 = Release|Any CPU
		{95363008-55A8-40C6-81C7-BBB3F686C4B4}.prf|Any CPU.ActiveCfg = Release|Any CPU
		{95363008-55A8-40C6-81C7-BBB3F686C4B4}.prf|Any CPU.Build.0 = Release|Any CPU
		{95363008-55A8-40C6-81C7-BBB3F686C4B4}.qa|Any CPU.ActiveCfg = Release|Any CPU
		{95363008-55A8-40C6-81C7-BBB3F686C4B4}.qa|Any CPU.Build.0 = Release|Any CPU
		{95363008-55A8-40C6-81C7-BBB3F686C4B4}.Release|Any CPU.ActiveCfg = Release|Any CPU
		{95363008-55A8-40C6-81C7-BBB3F686C4B4}.Release|Any CPU.Build.0 = Release|Any CPU
		{95363008-55A8-40C6-81C7-BBB3F686C4B4}.stg|Any CPU.ActiveCfg = Release|Any CPU
		{95363008-55A8-40C6-81C7-BBB3F686C4B4}.stg|Any CPU.Build.0 = Release|Any CPU
		{A1E891B6-F7DC-4CAF-8FD6-F7711ED8C3ED}.Debug|Any CPU.ActiveCfg = Debug|Any CPU
		{A1E891B6-F7DC-4CAF-8FD6-F7711ED8C3ED}.Debug|Any CPU.Build.0 = Debug|Any CPU
		{A1E891B6-F7DC-4CAF-8FD6-F7711ED8C3ED}.dev|Any CPU.ActiveCfg = Debug|Any CPU
		{A1E891B6-F7DC-4CAF-8FD6-F7711ED8C3ED}.dev|Any CPU.Build.0 = Debug|Any CPU
		{A1E891B6-F7DC-4CAF-8FD6-F7711ED8C3ED}.int|Any CPU.ActiveCfg = Release|Any CPU
		{A1E891B6-F7DC-4CAF-8FD6-F7711ED8C3ED}.int|Any CPU.Build.0 = Release|Any CPU
		{A1E891B6-F7DC-4CAF-8FD6-F7711ED8C3ED}.pie|Any CPU.ActiveCfg = Release|Any CPU
		{A1E891B6-F7DC-4CAF-8FD6-F7711ED8C3ED}.pie|Any CPU.Build.0 = Release|Any CPU
		{A1E891B6-F7DC-4CAF-8FD6-F7711ED8C3ED}.prf|Any CPU.ActiveCfg = Release|Any CPU
		{A1E891B6-F7DC-4CAF-8FD6-F7711ED8C3ED}.prf|Any CPU.Build.0 = Release|Any CPU
		{A1E891B6-F7DC-4CAF-8FD6-F7711ED8C3ED}.qa|Any CPU.ActiveCfg = Release|Any CPU
		{A1E891B6-F7DC-4CAF-8FD6-F7711ED8C3ED}.qa|Any CPU.Build.0 = Release|Any CPU
		{A1E891B6-F7DC-4CAF-8FD6-F7711ED8C3ED}.Release|Any CPU.ActiveCfg = Release|Any CPU
		{A1E891B6-F7DC-4CAF-8FD6-F7711ED8C3ED}.Release|Any CPU.Build.0 = Release|Any CPU
		{A1E891B6-F7DC-4CAF-8FD6-F7711ED8C3ED}.stg|Any CPU.ActiveCfg = Release|Any CPU
		{A1E891B6-F7DC-4CAF-8FD6-F7711ED8C3ED}.stg|Any CPU.Build.0 = Release|Any CPU
		{11E0A0B6-EEE6-4524-9054-D417F45AB30F}.Debug|Any CPU.ActiveCfg = Debug|Any CPU
		{11E0A0B6-EEE6-4524-9054-D417F45AB30F}.Debug|Any CPU.Build.0 = Debug|Any CPU
		{11E0A0B6-EEE6-4524-9054-D417F45AB30F}.dev|Any CPU.ActiveCfg = Debug|Any CPU
		{11E0A0B6-EEE6-4524-9054-D417F45AB30F}.dev|Any CPU.Build.0 = Debug|Any CPU
		{11E0A0B6-EEE6-4524-9054-D417F45AB30F}.int|Any CPU.ActiveCfg = Release|Any CPU
		{11E0A0B6-EEE6-4524-9054-D417F45AB30F}.int|Any CPU.Build.0 = Release|Any CPU
		{11E0A0B6-EEE6-4524-9054-D417F45AB30F}.pie|Any CPU.ActiveCfg = Release|Any CPU
		{11E0A0B6-EEE6-4524-9054-D417F45AB30F}.pie|Any CPU.Build.0 = Release|Any CPU
		{11E0A0B6-EEE6-4524-9054-D417F45AB30F}.prf|Any CPU.ActiveCfg = Release|Any CPU
		{11E0A0B6-EEE6-4524-9054-D417F45AB30F}.prf|Any CPU.Build.0 = Release|Any CPU
		{11E0A0B6-EEE6-4524-9054-D417F45AB30F}.qa|Any CPU.ActiveCfg = Release|Any CPU
		{11E0A0B6-EEE6-4524-9054-D417F45AB30F}.qa|Any CPU.Build.0 = Release|Any CPU
		{11E0A0B6-EEE6-4524-9054-D417F45AB30F}.Release|Any CPU.ActiveCfg = Release|Any CPU
		{11E0A0B6-EEE6-4524-9054-D417F45AB30F}.Release|Any CPU.Build.0 = Release|Any CPU
		{11E0A0B6-EEE6-4524-9054-D417F45AB30F}.stg|Any CPU.ActiveCfg = Release|Any CPU
		{11E0A0B6-EEE6-4524-9054-D417F45AB30F}.stg|Any CPU.Build.0 = Release|Any CPU
		{6BCBD010-787B-4E76-B0A2-75B646FA3F99}.Debug|Any CPU.ActiveCfg = Debug|Any CPU
		{6BCBD010-787B-4E76-B0A2-75B646FA3F99}.Debug|Any CPU.Build.0 = Debug|Any CPU
		{6BCBD010-787B-4E76-B0A2-75B646FA3F99}.dev|Any CPU.ActiveCfg = Debug|Any CPU
		{6BCBD010-787B-4E76-B0A2-75B646FA3F99}.dev|Any CPU.Build.0 = Debug|Any CPU
		{6BCBD010-787B-4E76-B0A2-75B646FA3F99}.int|Any CPU.ActiveCfg = Release|Any CPU
		{6BCBD010-787B-4E76-B0A2-75B646FA3F99}.int|Any CPU.Build.0 = Release|Any CPU
		{6BCBD010-787B-4E76-B0A2-75B646FA3F99}.pie|Any CPU.ActiveCfg = Release|Any CPU
		{6BCBD010-787B-4E76-B0A2-75B646FA3F99}.pie|Any CPU.Build.0 = Release|Any CPU
		{6BCBD010-787B-4E76-B0A2-75B646FA3F99}.prf|Any CPU.ActiveCfg = Release|Any CPU
		{6BCBD010-787B-4E76-B0A2-75B646FA3F99}.prf|Any CPU.Build.0 = Release|Any CPU
		{6BCBD010-787B-4E76-B0A2-75B646FA3F99}.qa|Any CPU.ActiveCfg = Release|Any CPU
		{6BCBD010-787B-4E76-B0A2-75B646FA3F99}.qa|Any CPU.Build.0 = Release|Any CPU
		{6BCBD010-787B-4E76-B0A2-75B646FA3F99}.Release|Any CPU.ActiveCfg = Release|Any CPU
		{6BCBD010-787B-4E76-B0A2-75B646FA3F99}.Release|Any CPU.Build.0 = Release|Any CPU
		{6BCBD010-787B-4E76-B0A2-75B646FA3F99}.stg|Any CPU.ActiveCfg = Release|Any CPU
		{6BCBD010-787B-4E76-B0A2-75B646FA3F99}.stg|Any CPU.Build.0 = Release|Any CPU
		{0F8B4325-5906-4B5E-BABF-2CD4E7FC429A}.Debug|Any CPU.ActiveCfg = Debug|Any CPU
		{0F8B4325-5906-4B5E-BABF-2CD4E7FC429A}.Debug|Any CPU.Build.0 = Debug|Any CPU
		{0F8B4325-5906-4B5E-BABF-2CD4E7FC429A}.dev|Any CPU.ActiveCfg = Debug|Any CPU
		{0F8B4325-5906-4B5E-BABF-2CD4E7FC429A}.dev|Any CPU.Build.0 = Debug|Any CPU
		{0F8B4325-5906-4B5E-BABF-2CD4E7FC429A}.int|Any CPU.ActiveCfg = Release|Any CPU
		{0F8B4325-5906-4B5E-BABF-2CD4E7FC429A}.int|Any CPU.Build.0 = Release|Any CPU
		{0F8B4325-5906-4B5E-BABF-2CD4E7FC429A}.pie|Any CPU.ActiveCfg = Release|Any CPU
		{0F8B4325-5906-4B5E-BABF-2CD4E7FC429A}.pie|Any CPU.Build.0 = Release|Any CPU
		{0F8B4325-5906-4B5E-BABF-2CD4E7FC429A}.prf|Any CPU.ActiveCfg = Release|Any CPU
		{0F8B4325-5906-4B5E-BABF-2CD4E7FC429A}.prf|Any CPU.Build.0 = Release|Any CPU
		{0F8B4325-5906-4B5E-BABF-2CD4E7FC429A}.qa|Any CPU.ActiveCfg = Release|Any CPU
		{0F8B4325-5906-4B5E-BABF-2CD4E7FC429A}.qa|Any CPU.Build.0 = Release|Any CPU
		{0F8B4325-5906-4B5E-BABF-2CD4E7FC429A}.Release|Any CPU.ActiveCfg = Release|Any CPU
		{0F8B4325-5906-4B5E-BABF-2CD4E7FC429A}.Release|Any CPU.Build.0 = Release|Any CPU
		{0F8B4325-5906-4B5E-BABF-2CD4E7FC429A}.stg|Any CPU.ActiveCfg = Release|Any CPU
		{0F8B4325-5906-4B5E-BABF-2CD4E7FC429A}.stg|Any CPU.Build.0 = Release|Any CPU
		{AB27031A-BBF6-47A7-BA3A-6BE784226C3A}.Debug|Any CPU.ActiveCfg = Debug|Any CPU
		{AB27031A-BBF6-47A7-BA3A-6BE784226C3A}.Debug|Any CPU.Build.0 = Debug|Any CPU
		{AB27031A-BBF6-47A7-BA3A-6BE784226C3A}.dev|Any CPU.ActiveCfg = Debug|Any CPU
		{AB27031A-BBF6-47A7-BA3A-6BE784226C3A}.dev|Any CPU.Build.0 = Debug|Any CPU
		{AB27031A-BBF6-47A7-BA3A-6BE784226C3A}.int|Any CPU.ActiveCfg = Release|Any CPU
		{AB27031A-BBF6-47A7-BA3A-6BE784226C3A}.int|Any CPU.Build.0 = Release|Any CPU
		{AB27031A-BBF6-47A7-BA3A-6BE784226C3A}.pie|Any CPU.ActiveCfg = Release|Any CPU
		{AB27031A-BBF6-47A7-BA3A-6BE784226C3A}.pie|Any CPU.Build.0 = Release|Any CPU
		{AB27031A-BBF6-47A7-BA3A-6BE784226C3A}.prf|Any CPU.ActiveCfg = Release|Any CPU
		{AB27031A-BBF6-47A7-BA3A-6BE784226C3A}.prf|Any CPU.Build.0 = Release|Any CPU
		{AB27031A-BBF6-47A7-BA3A-6BE784226C3A}.qa|Any CPU.ActiveCfg = Release|Any CPU
		{AB27031A-BBF6-47A7-BA3A-6BE784226C3A}.qa|Any CPU.Build.0 = Release|Any CPU
		{AB27031A-BBF6-47A7-BA3A-6BE784226C3A}.Release|Any CPU.ActiveCfg = Release|Any CPU
		{AB27031A-BBF6-47A7-BA3A-6BE784226C3A}.Release|Any CPU.Build.0 = Release|Any CPU
		{AB27031A-BBF6-47A7-BA3A-6BE784226C3A}.stg|Any CPU.ActiveCfg = Release|Any CPU
		{AB27031A-BBF6-47A7-BA3A-6BE784226C3A}.stg|Any CPU.Build.0 = Release|Any CPU
		{CFA072DB-2195-4B84-9860-357A46C4D08F}.Debug|Any CPU.ActiveCfg = Debug|Any CPU
		{CFA072DB-2195-4B84-9860-357A46C4D08F}.Debug|Any CPU.Build.0 = Debug|Any CPU
		{CFA072DB-2195-4B84-9860-357A46C4D08F}.dev|Any CPU.ActiveCfg = Debug|Any CPU
		{CFA072DB-2195-4B84-9860-357A46C4D08F}.dev|Any CPU.Build.0 = Debug|Any CPU
		{CFA072DB-2195-4B84-9860-357A46C4D08F}.int|Any CPU.ActiveCfg = Release|Any CPU
		{CFA072DB-2195-4B84-9860-357A46C4D08F}.int|Any CPU.Build.0 = Release|Any CPU
		{CFA072DB-2195-4B84-9860-357A46C4D08F}.pie|Any CPU.ActiveCfg = Release|Any CPU
		{CFA072DB-2195-4B84-9860-357A46C4D08F}.pie|Any CPU.Build.0 = Release|Any CPU
		{CFA072DB-2195-4B84-9860-357A46C4D08F}.prf|Any CPU.ActiveCfg = Release|Any CPU
		{CFA072DB-2195-4B84-9860-357A46C4D08F}.prf|Any CPU.Build.0 = Release|Any CPU
		{CFA072DB-2195-4B84-9860-357A46C4D08F}.qa|Any CPU.ActiveCfg = Release|Any CPU
		{CFA072DB-2195-4B84-9860-357A46C4D08F}.qa|Any CPU.Build.0 = Release|Any CPU
		{CFA072DB-2195-4B84-9860-357A46C4D08F}.Release|Any CPU.ActiveCfg = Release|Any CPU
		{CFA072DB-2195-4B84-9860-357A46C4D08F}.Release|Any CPU.Build.0 = Release|Any CPU
		{CFA072DB-2195-4B84-9860-357A46C4D08F}.stg|Any CPU.ActiveCfg = Release|Any CPU
		{CFA072DB-2195-4B84-9860-357A46C4D08F}.stg|Any CPU.Build.0 = Release|Any CPU
		{2271FEBC-EE93-4D3A-A349-51FE9E0AFA1F}.Debug|Any CPU.ActiveCfg = Debug|Any CPU
		{2271FEBC-EE93-4D3A-A349-51FE9E0AFA1F}.Debug|Any CPU.Build.0 = Debug|Any CPU
		{2271FEBC-EE93-4D3A-A349-51FE9E0AFA1F}.dev|Any CPU.ActiveCfg = Debug|Any CPU
		{2271FEBC-EE93-4D3A-A349-51FE9E0AFA1F}.dev|Any CPU.Build.0 = Debug|Any CPU
		{2271FEBC-EE93-4D3A-A349-51FE9E0AFA1F}.int|Any CPU.ActiveCfg = Release|Any CPU
		{2271FEBC-EE93-4D3A-A349-51FE9E0AFA1F}.int|Any CPU.Build.0 = Release|Any CPU
		{2271FEBC-EE93-4D3A-A349-51FE9E0AFA1F}.pie|Any CPU.ActiveCfg = Release|Any CPU
		{2271FEBC-EE93-4D3A-A349-51FE9E0AFA1F}.pie|Any CPU.Build.0 = Release|Any CPU
		{2271FEBC-EE93-4D3A-A349-51FE9E0AFA1F}.prf|Any CPU.ActiveCfg = Release|Any CPU
		{2271FEBC-EE93-4D3A-A349-51FE9E0AFA1F}.prf|Any CPU.Build.0 = Release|Any CPU
		{2271FEBC-EE93-4D3A-A349-51FE9E0AFA1F}.qa|Any CPU.ActiveCfg = Release|Any CPU
		{2271FEBC-EE93-4D3A-A349-51FE9E0AFA1F}.qa|Any CPU.Build.0 = Release|Any CPU
		{2271FEBC-EE93-4D3A-A349-51FE9E0AFA1F}.Release|Any CPU.ActiveCfg = Release|Any CPU
		{2271FEBC-EE93-4D3A-A349-51FE9E0AFA1F}.Release|Any CPU.Build.0 = Release|Any CPU
		{2271FEBC-EE93-4D3A-A349-51FE9E0AFA1F}.stg|Any CPU.ActiveCfg = Release|Any CPU
		{2271FEBC-EE93-4D3A-A349-51FE9E0AFA1F}.stg|Any CPU.Build.0 = Release|Any CPU
		{71B292F0-9454-4171-9181-0993EC841079}.Debug|Any CPU.ActiveCfg = Debug|Any CPU
		{71B292F0-9454-4171-9181-0993EC841079}.Debug|Any CPU.Build.0 = Debug|Any CPU
		{71B292F0-9454-4171-9181-0993EC841079}.dev|Any CPU.ActiveCfg = Debug|Any CPU
		{71B292F0-9454-4171-9181-0993EC841079}.dev|Any CPU.Build.0 = Debug|Any CPU
		{71B292F0-9454-4171-9181-0993EC841079}.int|Any CPU.ActiveCfg = Release|Any CPU
		{71B292F0-9454-4171-9181-0993EC841079}.int|Any CPU.Build.0 = Release|Any CPU
		{71B292F0-9454-4171-9181-0993EC841079}.pie|Any CPU.ActiveCfg = Release|Any CPU
		{71B292F0-9454-4171-9181-0993EC841079}.pie|Any CPU.Build.0 = Release|Any CPU
		{71B292F0-9454-4171-9181-0993EC841079}.prf|Any CPU.ActiveCfg = Release|Any CPU
		{71B292F0-9454-4171-9181-0993EC841079}.prf|Any CPU.Build.0 = Release|Any CPU
		{71B292F0-9454-4171-9181-0993EC841079}.qa|Any CPU.ActiveCfg = Release|Any CPU
		{71B292F0-9454-4171-9181-0993EC841079}.qa|Any CPU.Build.0 = Release|Any CPU
		{71B292F0-9454-4171-9181-0993EC841079}.Release|Any CPU.ActiveCfg = Release|Any CPU
		{71B292F0-9454-4171-9181-0993EC841079}.Release|Any CPU.Build.0 = Release|Any CPU
		{71B292F0-9454-4171-9181-0993EC841079}.stg|Any CPU.ActiveCfg = Release|Any CPU
		{71B292F0-9454-4171-9181-0993EC841079}.stg|Any CPU.Build.0 = Release|Any CPU
		{93CE1372-63EA-419E-9D5F-021AC7D9FB50}.Debug|Any CPU.ActiveCfg = Debug|Any CPU
		{93CE1372-63EA-419E-9D5F-021AC7D9FB50}.Debug|Any CPU.Build.0 = Debug|Any CPU
		{93CE1372-63EA-419E-9D5F-021AC7D9FB50}.dev|Any CPU.ActiveCfg = Debug|Any CPU
		{93CE1372-63EA-419E-9D5F-021AC7D9FB50}.dev|Any CPU.Build.0 = Debug|Any CPU
		{93CE1372-63EA-419E-9D5F-021AC7D9FB50}.int|Any CPU.ActiveCfg = Release|Any CPU
		{93CE1372-63EA-419E-9D5F-021AC7D9FB50}.int|Any CPU.Build.0 = Release|Any CPU
		{93CE1372-63EA-419E-9D5F-021AC7D9FB50}.pie|Any CPU.ActiveCfg = Release|Any CPU
		{93CE1372-63EA-419E-9D5F-021AC7D9FB50}.pie|Any CPU.Build.0 = Release|Any CPU
		{93CE1372-63EA-419E-9D5F-021AC7D9FB50}.prf|Any CPU.ActiveCfg = Release|Any CPU
		{93CE1372-63EA-419E-9D5F-021AC7D9FB50}.prf|Any CPU.Build.0 = Release|Any CPU
		{93CE1372-63EA-419E-9D5F-021AC7D9FB50}.qa|Any CPU.ActiveCfg = Release|Any CPU
		{93CE1372-63EA-419E-9D5F-021AC7D9FB50}.qa|Any CPU.Build.0 = Release|Any CPU
		{93CE1372-63EA-419E-9D5F-021AC7D9FB50}.Release|Any CPU.ActiveCfg = Release|Any CPU
		{93CE1372-63EA-419E-9D5F-021AC7D9FB50}.Release|Any CPU.Build.0 = Release|Any CPU
		{93CE1372-63EA-419E-9D5F-021AC7D9FB50}.stg|Any CPU.ActiveCfg = Release|Any CPU
		{93CE1372-63EA-419E-9D5F-021AC7D9FB50}.stg|Any CPU.Build.0 = Release|Any CPU
		{2F544DE8-D6DC-49AB-ACFB-D1879C846795}.Debug|Any CPU.ActiveCfg = Debug|Any CPU
		{2F544DE8-D6DC-49AB-ACFB-D1879C846795}.Debug|Any CPU.Build.0 = Debug|Any CPU
		{2F544DE8-D6DC-49AB-ACFB-D1879C846795}.dev|Any CPU.ActiveCfg = Debug|Any CPU
		{2F544DE8-D6DC-49AB-ACFB-D1879C846795}.dev|Any CPU.Build.0 = Debug|Any CPU
		{2F544DE8-D6DC-49AB-ACFB-D1879C846795}.int|Any CPU.ActiveCfg = Release|Any CPU
		{2F544DE8-D6DC-49AB-ACFB-D1879C846795}.int|Any CPU.Build.0 = Release|Any CPU
		{2F544DE8-D6DC-49AB-ACFB-D1879C846795}.pie|Any CPU.ActiveCfg = Release|Any CPU
		{2F544DE8-D6DC-49AB-ACFB-D1879C846795}.pie|Any CPU.Build.0 = Release|Any CPU
		{2F544DE8-D6DC-49AB-ACFB-D1879C846795}.prf|Any CPU.ActiveCfg = Release|Any CPU
		{2F544DE8-D6DC-49AB-ACFB-D1879C846795}.prf|Any CPU.Build.0 = Release|Any CPU
		{2F544DE8-D6DC-49AB-ACFB-D1879C846795}.qa|Any CPU.ActiveCfg = Release|Any CPU
		{2F544DE8-D6DC-49AB-ACFB-D1879C846795}.qa|Any CPU.Build.0 = Release|Any CPU
		{2F544DE8-D6DC-49AB-ACFB-D1879C846795}.Release|Any CPU.ActiveCfg = Release|Any CPU
		{2F544DE8-D6DC-49AB-ACFB-D1879C846795}.Release|Any CPU.Build.0 = Release|Any CPU
		{2F544DE8-D6DC-49AB-ACFB-D1879C846795}.stg|Any CPU.ActiveCfg = Release|Any CPU
		{2F544DE8-D6DC-49AB-ACFB-D1879C846795}.stg|Any CPU.Build.0 = Release|Any CPU
		{C33D1BBC-A23E-4206-A2B2-4CEDD8669618}.Debug|Any CPU.ActiveCfg = Debug|Any CPU
		{C33D1BBC-A23E-4206-A2B2-4CEDD8669618}.Debug|Any CPU.Build.0 = Debug|Any CPU
		{C33D1BBC-A23E-4206-A2B2-4CEDD8669618}.dev|Any CPU.ActiveCfg = Debug|Any CPU
		{C33D1BBC-A23E-4206-A2B2-4CEDD8669618}.dev|Any CPU.Build.0 = Debug|Any CPU
		{C33D1BBC-A23E-4206-A2B2-4CEDD8669618}.int|Any CPU.ActiveCfg = Release|Any CPU
		{C33D1BBC-A23E-4206-A2B2-4CEDD8669618}.int|Any CPU.Build.0 = Release|Any CPU
		{C33D1BBC-A23E-4206-A2B2-4CEDD8669618}.pie|Any CPU.ActiveCfg = Release|Any CPU
		{C33D1BBC-A23E-4206-A2B2-4CEDD8669618}.pie|Any CPU.Build.0 = Release|Any CPU
		{C33D1BBC-A23E-4206-A2B2-4CEDD8669618}.prf|Any CPU.ActiveCfg = Release|Any CPU
		{C33D1BBC-A23E-4206-A2B2-4CEDD8669618}.prf|Any CPU.Build.0 = Release|Any CPU
		{C33D1BBC-A23E-4206-A2B2-4CEDD8669618}.qa|Any CPU.ActiveCfg = Release|Any CPU
		{C33D1BBC-A23E-4206-A2B2-4CEDD8669618}.qa|Any CPU.Build.0 = Release|Any CPU
		{C33D1BBC-A23E-4206-A2B2-4CEDD8669618}.Release|Any CPU.ActiveCfg = Release|Any CPU
		{C33D1BBC-A23E-4206-A2B2-4CEDD8669618}.Release|Any CPU.Build.0 = Release|Any CPU
		{C33D1BBC-A23E-4206-A2B2-4CEDD8669618}.stg|Any CPU.ActiveCfg = Release|Any CPU
		{C33D1BBC-A23E-4206-A2B2-4CEDD8669618}.stg|Any CPU.Build.0 = Release|Any CPU
	EndGlobalSection
	GlobalSection(SolutionProperties) = preSolution
		HideSolutionNode = FALSE
	EndGlobalSection
	GlobalSection(NestedProjects) = preSolution
		{D5B041D4-B421-4AC7-A052-C86E39BF2443} = {B5B4EFB9-9483-402D-9E7A-817C360D8100}
		{F06E6B1C-BBD0-4A5D-A3FE-D2375521B530} = {B5B4EFB9-9483-402D-9E7A-817C360D8100}
		{61D7C2D7-2CB4-4A9D-9E40-9DCEB2E36C89} = {B5B4EFB9-9483-402D-9E7A-817C360D8100}
		{F53BCB4F-F97B-4CD7-AD43-4F5DB95BA5C5} = {4414D9DC-2654-455F-A50D-DB5E3A77190F}
		{5D6DB9E0-9E5A-4D0E-8DEE-8D6E712034BB} = {4414D9DC-2654-455F-A50D-DB5E3A77190F}
		{968614FF-B54A-457C-BF27-0791CE897760} = {4414D9DC-2654-455F-A50D-DB5E3A77190F}
		{31D6589A-B768-401E-9948-02CF04C9ED04} = {B46BFD38-0309-47DD-AEAF-CA10D5DD33CA}
		{98202E9C-DEF4-4C20-AE16-DB4D46947FDB} = {B46BFD38-0309-47DD-AEAF-CA10D5DD33CA}
		{692DF808-1485-40A5-9AF1-61AB21A11A5B} = {B46BFD38-0309-47DD-AEAF-CA10D5DD33CA}
		{541E8E59-D02F-49D4-AE9E-A4F577BCBC94} = {B46BFD38-0309-47DD-AEAF-CA10D5DD33CA}
		{91BD5DA5-8E16-423A-B773-5B21B6754791} = {B46BFD38-0309-47DD-AEAF-CA10D5DD33CA}
		{5C8BC751-F138-42F6-9E70-FBA01E468FDC} = {C740C9B0-1566-4AC6-8811-50E99D1CED2E}
		{F3F4E072-3974-4E3B-9C07-38763CD7265A} = {C740C9B0-1566-4AC6-8811-50E99D1CED2E}
		{2FB8F85B-582B-48D4-9F63-4ED97E76617B} = {C740C9B0-1566-4AC6-8811-50E99D1CED2E}
		{6C73A5CC-A9ED-4942-BA49-2B8A28A5BB9C} = {B46BFD38-0309-47DD-AEAF-CA10D5DD33CA}
		{7733081D-A052-43F3-AE51-E2E80C01A48D} = {E161B52E-AAA2-46BD-9490-5C5304C084C7}
		{66D94FC3-0F99-4FB3-8B4C-29AB57773EEB} = {E161B52E-AAA2-46BD-9490-5C5304C084C7}
		{ECA9C9FC-A226-4B5D-B722-32EFADE8FE91} = {AE15F5A3-795A-4464-80DD-15C53CF56B5F}
		{95363008-55A8-40C6-81C7-BBB3F686C4B4} = {AE15F5A3-795A-4464-80DD-15C53CF56B5F}
		{A1E891B6-F7DC-4CAF-8FD6-F7711ED8C3ED} = {AE15F5A3-795A-4464-80DD-15C53CF56B5F}
		{11E0A0B6-EEE6-4524-9054-D417F45AB30F} = {8BC38A98-F198-440E-B7FC-DFEC77AEE50A}
		{6BCBD010-787B-4E76-B0A2-75B646FA3F99} = {8BC38A98-F198-440E-B7FC-DFEC77AEE50A}
		{0F8B4325-5906-4B5E-BABF-2CD4E7FC429A} = {8BC38A98-F198-440E-B7FC-DFEC77AEE50A}
		{AB27031A-BBF6-47A7-BA3A-6BE784226C3A} = {864EC8E0-F236-4D44-8DFC-34A79FEA1CC7}
		{CFA072DB-2195-4B84-9860-357A46C4D08F} = {864EC8E0-F236-4D44-8DFC-34A79FEA1CC7}
		{2271FEBC-EE93-4D3A-A349-51FE9E0AFA1F} = {864EC8E0-F236-4D44-8DFC-34A79FEA1CC7}
		{71B292F0-9454-4171-9181-0993EC841079} = {53DB560F-6208-49F2-9615-10EE80BB4463}
		{93CE1372-63EA-419E-9D5F-021AC7D9FB50} = {53DB560F-6208-49F2-9615-10EE80BB4463}
		{2F544DE8-D6DC-49AB-ACFB-D1879C846795} = {53DB560F-6208-49F2-9615-10EE80BB4463}
		{C33D1BBC-A23E-4206-A2B2-4CEDD8669618} = {FB69439C-B484-4047-8969-614412792C99}
	EndGlobalSection
EndGlobal
